
Microsoft Visual Studio Solution File, Format Version 12.00
# Visual Studio Version 17
VisualStudioVersion = 17.11.35222.181
MinimumVisualStudioVersion = 10.0.40219.1
Project("{FAE04EC0-301F-11D3-BF4B-00C04F79EFBC}") = "doan", "doan\doan.csproj", "{B3158122-0921-46AD-92DA-9901DE515DFA}"
EndProject
Global
	GlobalSection(SolutionConfigurationPlatforms) = preSolution
		Debug|Any CPU = Debug|Any CPU
		Release|Any CPU = Release|Any CPU
	EndGlobalSection
	GlobalSection(ProjectConfigurationPlatforms) = postSolution
		{B3158122-0921-46AD-92DA-9901DE515DFA}.Debug|Any CPU.ActiveCfg = Debug|Any CPU
		{B3158122-0921-46AD-92DA-9901DE515DFA}.Debug|Any CPU.Build.0 = Debug|Any CPU
		{B3158122-0921-46AD-92DA-9901DE515DFA}.Release|Any CPU.ActiveCfg = Release|Any CPU
		{B3158122-0921-46AD-92DA-9901DE515DFA}.Release|Any CPU.Build.0 = Release|Any CPU
	EndGlobalSection
	GlobalSection(SolutionProperties) = preSolution
		HideSolutionNode = FALSE
	EndGlobalSection
	GlobalSection(ExtensibilityGlobals) = postSolution
		SolutionGuid = {E0FD300D-D9E4-4D2E-BEB6-68FC99E512E2}
	EndGlobalSection
EndGlobal
